
Microsoft Visual Studio Solution File, Format Version 12.00
# Visual Studio Version 16
VisualStudioVersion = 16.0.30621.155
MinimumVisualStudioVersion = 10.0.40219.1
Project("{8BC9CEB8-8B4A-11D0-8D11-00A0C91BC942}") = "2labs", "2labs.vcxproj", "{6F88178A-2BA8-4325-A708-A63585ADDB2F}"
EndProject
Project("{8BC9CEB8-8B4A-11D0-8D11-00A0C91BC942}") = "2labatest", "..\2labatest\2labatest.vcxproj", "{FCAA3E84-E73F-4FEE-9A7F-1057BD4E0453}"
EndProject
Global
	GlobalSection(SolutionConfigurationPlatforms) = preSolution
		Debug|Any CPU = Debug|Any CPU
		Debug|x64 = Debug|x64
		Debug|x86 = Debug|x86
		Release|Any CPU = Release|Any CPU
		Release|x64 = Release|x64
		Release|x86 = Release|x86
	EndGlobalSection
	GlobalSection(ProjectConfigurationPlatforms) = postSolution
		{6F88178A-2BA8-4325-A708-A63585ADDB2F}.Debug|Any CPU.ActiveCfg = Debug|Win32
		{6F88178A-2BA8-4325-A708-A63585ADDB2F}.Debug|x64.ActiveCfg = Debug|x64
		{6F88178A-2BA8-4325-A708-A63585ADDB2F}.Debug|x64.Build.0 = Debug|x64
		{6F88178A-2BA8-4325-A708-A63585ADDB2F}.Debug|x86.ActiveCfg = Debug|Win32
		{6F88178A-2BA8-4325-A708-A63585ADDB2F}.Debug|x86.Build.0 = Debug|Win32
		{6F88178A-2BA8-4325-A708-A63585ADDB2F}.Release|Any CPU.ActiveCfg = Release|Win32
		{6F88178A-2BA8-4325-A708-A63585ADDB2F}.Release|x64.ActiveCfg = Release|x64
		{6F88178A-2BA8-4325-A708-A63585ADDB2F}.Release|x64.Build.0 = Release|x64
		{6F88178A-2BA8-4325-A708-A63585ADDB2F}.Release|x86.ActiveCfg = Release|Win32
		{6F88178A-2BA8-4325-A708-A63585ADDB2F}.Release|x86.Build.0 = Release|Win32
		{FCAA3E84-E73F-4FEE-9A7F-1057BD4E0453}.Debug|Any CPU.ActiveCfg = Debug|Win32
		{FCAA3E84-E73F-4FEE-9A7F-1057BD4E0453}.Debug|x64.ActiveCfg = Debug|x64
		{FCAA3E84-E73F-4FEE-9A7F-1057BD4E0453}.Debug|x64.Build.0 = Debug|x64
		{FCAA3E84-E73F-4FEE-9A7F-1057BD4E0453}.Debug|x86.ActiveCfg = Debug|Win32
		{FCAA3E84-E73F-4FEE-9A7F-1057BD4E0453}.Debug|x86.Build.0 = Debug|Win32
		{FCAA3E84-E73F-4FEE-9A7F-1057BD4E0453}.Release|Any CPU.ActiveCfg = Release|Win32
		{FCAA3E84-E73F-4FEE-9A7F-1057BD4E0453}.Release|x64.ActiveCfg = Release|x64
		{FCAA3E84-E73F-4FEE-9A7F-1057BD4E0453}.Release|x64.Build.0 = Release|x64
		{FCAA3E84-E73F-4FEE-9A7F-1057BD4E0453}.Release|x86.ActiveCfg = Release|Win32
		{FCAA3E84-E73F-4FEE-9A7F-1057BD4E0453}.Release|x86.Build.0 = Release|Win32
	EndGlobalSection
	GlobalSection(SolutionProperties) = preSolution
		HideSolutionNode = FALSE
	EndGlobalSection
	GlobalSection(ExtensibilityGlobals) = postSolution
		SolutionGuid = {8724A155-E319-4044-B468-A9E33874AB3C}
	EndGlobalSection
EndGlobal
